
Microsoft Visual Studio Solution File, Format Version 12.00
Project("{FAE04EC0-301F-11D3-BF4B-00C04F79EFBC}") = "Scp035", "Scp035\Scp035.csproj", "{2854C29A-2689-4F66-AAB9-98512C3691B5}"
EndProject
Global
	GlobalSection(SolutionConfigurationPlatforms) = preSolution
		Release|x64 = Release|x64
		Debug|x64 = Debug|x64
	EndGlobalSection
	GlobalSection(ProjectConfigurationPlatforms) = postSolution
		{2854C29A-2689-4F66-AAB9-98512C3691B5}.Release|x64.ActiveCfg = Release|x64
		{2854C29A-2689-4F66-AAB9-98512C3691B5}.Release|x64.Build.0 = Release|x64
		{2854C29A-2689-4F66-AAB9-98512C3691B5}.Debug|x64.ActiveCfg = Debug|x64
		{2854C29A-2689-4F66-AAB9-98512C3691B5}.Debug|x64.Build.0 = Debug|x64
	EndGlobalSection
EndGlobal
